
Microsoft Visual Studio Solution File, Format Version 12.00
# Visual Studio 15
VisualStudioVersion = 15.0.28010.2046
MinimumVisualStudioVersion = 10.0.40219.1
Project("{FAE04EC0-301F-11D3-BF4B-00C04F79EFBC}") = "joe and bob banking", "joe and bob banking\joe and bob banking.csproj", "{73B4D8BB-743E-46AF-9D29-33B07060CFD1}"
EndProject
Global
	GlobalSection(SolutionConfigurationPlatforms) = preSolution
		Debug|Any CPU = Debug|Any CPU
		Release|Any CPU = Release|Any CPU
	EndGlobalSection
	GlobalSection(ProjectConfigurationPlatforms) = postSolution
		{73B4D8BB-743E-46AF-9D29-33B07060CFD1}.Debug|Any CPU.ActiveCfg = Debug|Any CPU
		{73B4D8BB-743E-46AF-9D29-33B07060CFD1}.Debug|Any CPU.Build.0 = Debug|Any CPU
		{73B4D8BB-743E-46AF-9D29-33B07060CFD1}.Release|Any CPU.ActiveCfg = Release|Any CPU
		{73B4D8BB-743E-46AF-9D29-33B07060CFD1}.Release|Any CPU.Build.0 = Release|Any CPU
	EndGlobalSection
	GlobalSection(SolutionProperties) = preSolution
		HideSolutionNode = FALSE
	EndGlobalSection
	GlobalSection(ExtensibilityGlobals) = postSolution
		SolutionGuid = {837EE931-8373-402E-A7F8-8D381ADE2C34}
	EndGlobalSection
EndGlobal
